
Microsoft Visual Studio Solution File, Format Version 12.00
# Visual Studio 14
VisualStudioVersion = 14.0.23107.0
MinimumVisualStudioVersion = 10.0.40219.1
Project("{2150E333-8FDC-42A3-9474-1A3956D46DE8}") = "Agents", "Agents", "{925D5D08-9320-4042-B4D2-09CD4B0CA16D}"
EndProject
Project("{2150E333-8FDC-42A3-9474-1A3956D46DE8}") = "Models", "Models", "{DFBCE050-0540-40B8-9287-4B52B1DA25BE}"
EndProject
Project("{FAE04EC0-301F-11D3-BF4B-00C04F79EFBC}") = "Pulse.Model", "Pulse.Model\Pulse.Model.csproj", "{34659522-51BF-4F52-96A4-5DBEE2B61121}"
EndProject
Project("{FAE04EC0-301F-11D3-BF4B-00C04F79EFBC}") = "Pulse.Common", "Pulse.Common\Pulse.Common.csproj", "{6DE9E73C-806D-451B-998C-E04B5D18EE79}"
EndProject
Project("{FAE04EC0-301F-11D3-BF4B-00C04F79EFBC}") = "Pulse.Plugin.SimpleInfection", "Pulse.Plugin.SimpleInfection\Pulse.Plugin.SimpleInfection.csproj", "{8F42BF51-F664-4725-ACB5-1A4193CBB40C}"
EndProject
Project("{FAE04EC0-301F-11D3-BF4B-00C04F79EFBC}") = "Pulse.Plugin.Traffic", "Pulse.Plugin.Traffic\Pulse.Plugin.Traffic.csproj", "{1A30AB82-D23F-4C8F-9CE6-EEDB10D190EB}"
EndProject
Project("{2150E333-8FDC-42A3-9474-1A3956D46DE8}") = "Util", "Util", "{BF850243-1366-48C0-B892-5F4719AB13E6}"
EndProject
Project("{FAE04EC0-301F-11D3-BF4B-00C04F79EFBC}") = "Pulse.GraphUtil", "GraphUtil\Pulse.GraphUtil.csproj", "{792ACA52-1B29-426A-97C0-EF1230D2EB72}"
EndProject
Project("{FAE04EC0-301F-11D3-BF4B-00C04F79EFBC}") = "Pulse.Plugin.SubModel", "Pulse.Plugin.SubModel\Pulse.Plugin.SubModel.csproj", "{846065B8-6C5A-480F-AEDC-985C40531899}"
EndProject
Project("{2150E333-8FDC-42A3-9474-1A3956D46DE8}") = "Scenery", "Scenery", "{3E53F017-FA2B-4443-8418-FAEE1A1E4C8C}"
EndProject
Project("{FAE04EC0-301F-11D3-BF4B-00C04F79EFBC}") = "Pulse.Social", "Pulse.Social\Pulse.Social.csproj", "{8F918606-7F13-4C17-87ED-EDDBECEAB1C8}"
EndProject
Project("{2150E333-8FDC-42A3-9474-1A3956D46DE8}") = "SocialForce", "SocialForce", "{A0746240-EC12-4655-891F-07E4221D9FAB}"
EndProject
Project("{8BC9CEB8-8B4A-11D0-8D11-00A0C91BC942}") = "SF", "Pulse.SocialForce\SF\SF.vcxproj", "{31E38DAC-CA22-4C3B-8C14-5A14D3290443}"
EndProject
Project("{8BC9CEB8-8B4A-11D0-8D11-00A0C91BC942}") = "SFWrapper", "Pulse.SocialForce\SF2DWrapper\SF2DWrapper.vcxproj", "{25BB6D66-3CF0-4819-AB32-770204463B99}"
	ProjectSection(ProjectDependencies) = postProject
		{31E38DAC-CA22-4C3B-8C14-5A14D3290443} = {31E38DAC-CA22-4C3B-8C14-5A14D3290443}
	EndProjectSection
EndProject
Project("{FAE04EC0-301F-11D3-BF4B-00C04F79EFBC}") = "Pulse.Template.Scenery", "Pulse.Template.Scenery\Pulse.Template.Scenery.csproj", "{28646566-76A5-4650-9575-C8555938B430}"
EndProject
Project("{FAE04EC0-301F-11D3-BF4B-00C04F79EFBC}") = "Pulse.Template.Vsix", "Pulse.Template.Vsix\Pulse.Template.Vsix.csproj", "{818809D5-8764-4E2B-A7B4-3512E77B38C2}"
EndProject
Project("{2150E333-8FDC-42A3-9474-1A3956D46DE8}") = "RVO", "RVO", "{223A6B97-1B25-4583-A67F-379D3C52A195}"
EndProject
Project("{8BC9CEB8-8B4A-11D0-8D11-00A0C91BC942}") = "RVO", "Pulse.Rvo\RVO\RVO.vcxproj", "{21EFA2C4-0B17-417F-A990-80FE8A21A073}"
EndProject
Project("{8BC9CEB8-8B4A-11D0-8D11-00A0C91BC942}") = "RVOWrapper", "Pulse.Rvo\RVO2DWrapper\RVO2DWrapper.vcxproj", "{CF5B7656-5FA8-4504-BD16-95362C173B4E}"
	ProjectSection(ProjectDependencies) = postProject
		{21EFA2C4-0B17-417F-A990-80FE8A21A073} = {21EFA2C4-0B17-417F-A990-80FE8A21A073}
	EndProjectSection
EndProject
Project("{FAE04EC0-301F-11D3-BF4B-00C04F79EFBC}") = "City", "City\City.csproj", "{8BECF46B-DFE4-44F0-BBED-5D4DD3F1F695}"
EndProject
Project("{FAE04EC0-301F-11D3-BF4B-00C04F79EFBC}") = "Pulse.MultiagentEngine", "Engine\Pulse.MultiagentEngine.csproj", "{DB8C28F6-D975-4CCB-83CF-4F58765D0826}"
EndProject
Project("{FAE04EC0-301F-11D3-BF4B-00C04F79EFBC}") = "Pulse.Scenery.VkfestStage", "Pulse.Scenery.VkfestStage\Pulse.Scenery.VkfestStage.csproj", "{BC33CA96-2AA7-4C69-B3F0-AD6E40A90801}"
EndProject
Global
	GlobalSection(SolutionConfigurationPlatforms) = preSolution
		Hybrid|x64 = Hybrid|x64
		Release|x64 = Release|x64
	EndGlobalSection
	GlobalSection(ProjectConfigurationPlatforms) = postSolution
		{34659522-51BF-4F52-96A4-5DBEE2B61121}.Hybrid|x64.ActiveCfg = Debug|x64
		{34659522-51BF-4F52-96A4-5DBEE2B61121}.Hybrid|x64.Build.0 = Debug|x64
		{34659522-51BF-4F52-96A4-5DBEE2B61121}.Release|x64.ActiveCfg = Release|x64
		{34659522-51BF-4F52-96A4-5DBEE2B61121}.Release|x64.Build.0 = Release|x64
		{6DE9E73C-806D-451B-998C-E04B5D18EE79}.Hybrid|x64.ActiveCfg = Debug|x64
		{6DE9E73C-806D-451B-998C-E04B5D18EE79}.Hybrid|x64.Build.0 = Debug|x64
		{6DE9E73C-806D-451B-998C-E04B5D18EE79}.Release|x64.ActiveCfg = Release|x64
		{6DE9E73C-806D-451B-998C-E04B5D18EE79}.Release|x64.Build.0 = Release|x64
		{8F42BF51-F664-4725-ACB5-1A4193CBB40C}.Hybrid|x64.ActiveCfg = Debug|x64
		{8F42BF51-F664-4725-ACB5-1A4193CBB40C}.Hybrid|x64.Build.0 = Debug|x64
		{8F42BF51-F664-4725-ACB5-1A4193CBB40C}.Release|x64.ActiveCfg = Release|x64
		{8F42BF51-F664-4725-ACB5-1A4193CBB40C}.Release|x64.Build.0 = Release|x64
		{1A30AB82-D23F-4C8F-9CE6-EEDB10D190EB}.Hybrid|x64.ActiveCfg = Debug|x64
		{1A30AB82-D23F-4C8F-9CE6-EEDB10D190EB}.Hybrid|x64.Build.0 = Debug|x64
		{1A30AB82-D23F-4C8F-9CE6-EEDB10D190EB}.Release|x64.ActiveCfg = Release|x64
		{1A30AB82-D23F-4C8F-9CE6-EEDB10D190EB}.Release|x64.Build.0 = Release|x64
		{792ACA52-1B29-426A-97C0-EF1230D2EB72}.Hybrid|x64.ActiveCfg = Debug|x64
		{792ACA52-1B29-426A-97C0-EF1230D2EB72}.Hybrid|x64.Build.0 = Debug|x64
		{792ACA52-1B29-426A-97C0-EF1230D2EB72}.Release|x64.ActiveCfg = Release|x64
		{792ACA52-1B29-426A-97C0-EF1230D2EB72}.Release|x64.Build.0 = Release|x64
		{846065B8-6C5A-480F-AEDC-985C40531899}.Hybrid|x64.ActiveCfg = Debug|x64
		{846065B8-6C5A-480F-AEDC-985C40531899}.Hybrid|x64.Build.0 = Debug|x64
		{846065B8-6C5A-480F-AEDC-985C40531899}.Release|x64.ActiveCfg = Release|x64
		{846065B8-6C5A-480F-AEDC-985C40531899}.Release|x64.Build.0 = Release|x64
		{8F918606-7F13-4C17-87ED-EDDBECEAB1C8}.Hybrid|x64.ActiveCfg = Debug|x64
		{8F918606-7F13-4C17-87ED-EDDBECEAB1C8}.Hybrid|x64.Build.0 = Debug|x64
		{8F918606-7F13-4C17-87ED-EDDBECEAB1C8}.Release|x64.ActiveCfg = Release|x64
		{8F918606-7F13-4C17-87ED-EDDBECEAB1C8}.Release|x64.Build.0 = Release|x64
		{31E38DAC-CA22-4C3B-8C14-5A14D3290443}.Hybrid|x64.ActiveCfg = Debug|x64
		{31E38DAC-CA22-4C3B-8C14-5A14D3290443}.Hybrid|x64.Build.0 = Debug|x64
		{31E38DAC-CA22-4C3B-8C14-5A14D3290443}.Release|x64.ActiveCfg = Release|x64
		{31E38DAC-CA22-4C3B-8C14-5A14D3290443}.Release|x64.Build.0 = Release|x64
		{25BB6D66-3CF0-4819-AB32-770204463B99}.Hybrid|x64.ActiveCfg = Debug|x64
		{25BB6D66-3CF0-4819-AB32-770204463B99}.Hybrid|x64.Build.0 = Debug|x64
		{25BB6D66-3CF0-4819-AB32-770204463B99}.Release|x64.ActiveCfg = Release|x64
		{25BB6D66-3CF0-4819-AB32-770204463B99}.Release|x64.Build.0 = Release|x64
		{28646566-76A5-4650-9575-C8555938B430}.Hybrid|x64.ActiveCfg = Debug|Any CPU
		{28646566-76A5-4650-9575-C8555938B430}.Hybrid|x64.Build.0 = Debug|Any CPU
		{28646566-76A5-4650-9575-C8555938B430}.Release|x64.ActiveCfg = Release|Any CPU
		{28646566-76A5-4650-9575-C8555938B430}.Release|x64.Build.0 = Release|Any CPU
		{818809D5-8764-4E2B-A7B4-3512E77B38C2}.Hybrid|x64.ActiveCfg = Debug|Any CPU
		{818809D5-8764-4E2B-A7B4-3512E77B38C2}.Hybrid|x64.Build.0 = Debug|Any CPU
		{818809D5-8764-4E2B-A7B4-3512E77B38C2}.Release|x64.ActiveCfg = Release|Any CPU
		{818809D5-8764-4E2B-A7B4-3512E77B38C2}.Release|x64.Build.0 = Release|Any CPU
		{21EFA2C4-0B17-417F-A990-80FE8A21A073}.Hybrid|x64.ActiveCfg = Debug|x64
		{21EFA2C4-0B17-417F-A990-80FE8A21A073}.Hybrid|x64.Build.0 = Debug|x64
		{21EFA2C4-0B17-417F-A990-80FE8A21A073}.Release|x64.ActiveCfg = Release|x64
		{21EFA2C4-0B17-417F-A990-80FE8A21A073}.Release|x64.Build.0 = Release|x64
		{CF5B7656-5FA8-4504-BD16-95362C173B4E}.Hybrid|x64.ActiveCfg = Debug|x64
		{CF5B7656-5FA8-4504-BD16-95362C173B4E}.Hybrid|x64.Build.0 = Debug|x64
		{CF5B7656-5FA8-4504-BD16-95362C173B4E}.Release|x64.ActiveCfg = Release|x64
		{CF5B7656-5FA8-4504-BD16-95362C173B4E}.Release|x64.Build.0 = Release|x64
		{8BECF46B-DFE4-44F0-BBED-5D4DD3F1F695}.Hybrid|x64.ActiveCfg = Debug|x64
		{8BECF46B-DFE4-44F0-BBED-5D4DD3F1F695}.Hybrid|x64.Build.0 = Debug|x64
		{8BECF46B-DFE4-44F0-BBED-5D4DD3F1F695}.Release|x64.ActiveCfg = Release|x64
		{8BECF46B-DFE4-44F0-BBED-5D4DD3F1F695}.Release|x64.Build.0 = Release|x64
		{DB8C28F6-D975-4CCB-83CF-4F58765D0826}.Hybrid|x64.ActiveCfg = Debug|x64
		{DB8C28F6-D975-4CCB-83CF-4F58765D0826}.Hybrid|x64.Build.0 = Debug|x64
		{DB8C28F6-D975-4CCB-83CF-4F58765D0826}.Release|x64.ActiveCfg = Release|x64
		{DB8C28F6-D975-4CCB-83CF-4F58765D0826}.Release|x64.Build.0 = Release|x64
		{BC33CA96-2AA7-4C69-B3F0-AD6E40A90801}.Hybrid|x64.ActiveCfg = Debug|x64
		{BC33CA96-2AA7-4C69-B3F0-AD6E40A90801}.Hybrid|x64.Build.0 = Debug|x64
		{BC33CA96-2AA7-4C69-B3F0-AD6E40A90801}.Release|x64.ActiveCfg = Release|x64
		{BC33CA96-2AA7-4C69-B3F0-AD6E40A90801}.Release|x64.Build.0 = Release|x64
	EndGlobalSection
	GlobalSection(SolutionProperties) = preSolution
		HideSolutionNode = FALSE
	EndGlobalSection
	GlobalSection(NestedProjects) = preSolution
		{34659522-51BF-4F52-96A4-5DBEE2B61121} = {925D5D08-9320-4042-B4D2-09CD4B0CA16D}
		{6DE9E73C-806D-451B-998C-E04B5D18EE79} = {925D5D08-9320-4042-B4D2-09CD4B0CA16D}
		{8F42BF51-F664-4725-ACB5-1A4193CBB40C} = {925D5D08-9320-4042-B4D2-09CD4B0CA16D}
		{1A30AB82-D23F-4C8F-9CE6-EEDB10D190EB} = {925D5D08-9320-4042-B4D2-09CD4B0CA16D}
		{792ACA52-1B29-426A-97C0-EF1230D2EB72} = {BF850243-1366-48C0-B892-5F4719AB13E6}
		{846065B8-6C5A-480F-AEDC-985C40531899} = {925D5D08-9320-4042-B4D2-09CD4B0CA16D}
		{8F918606-7F13-4C17-87ED-EDDBECEAB1C8} = {925D5D08-9320-4042-B4D2-09CD4B0CA16D}
		{A0746240-EC12-4655-891F-07E4221D9FAB} = {DFBCE050-0540-40B8-9287-4B52B1DA25BE}
		{31E38DAC-CA22-4C3B-8C14-5A14D3290443} = {A0746240-EC12-4655-891F-07E4221D9FAB}
		{25BB6D66-3CF0-4819-AB32-770204463B99} = {A0746240-EC12-4655-891F-07E4221D9FAB}
		{28646566-76A5-4650-9575-C8555938B430} = {BF850243-1366-48C0-B892-5F4719AB13E6}
		{818809D5-8764-4E2B-A7B4-3512E77B38C2} = {BF850243-1366-48C0-B892-5F4719AB13E6}
		{223A6B97-1B25-4583-A67F-379D3C52A195} = {DFBCE050-0540-40B8-9287-4B52B1DA25BE}
		{21EFA2C4-0B17-417F-A990-80FE8A21A073} = {223A6B97-1B25-4583-A67F-379D3C52A195}
		{CF5B7656-5FA8-4504-BD16-95362C173B4E} = {223A6B97-1B25-4583-A67F-379D3C52A195}
		{DB8C28F6-D975-4CCB-83CF-4F58765D0826} = {925D5D08-9320-4042-B4D2-09CD4B0CA16D}
		{BC33CA96-2AA7-4C69-B3F0-AD6E40A90801} = {3E53F017-FA2B-4443-8418-FAEE1A1E4C8C}
	EndGlobalSection
EndGlobal
